// !$*UTF8*$!
{
	archiveVersion = 1;
	classes = {
	};
	objectVersion = 46;
	objects = {

/* Begin PBXBuildFile section */
		006D720419952D00008149E2 /* AVFoundation.framework in Frameworks */ = {isa = PBXBuildFile; fileRef = 006D720219952D00008149E2 /* AVFoundation.framework */; };
		006D720519952D00008149E2 /* CoreMedia.framework in Frameworks */ = {isa = PBXBuildFile; fileRef = 006D720319952D00008149E2 /* CoreMedia.framework */; };
		0091D8F90E81B9330029341E /* OpenGL.framework in Frameworks */ = {isa = PBXBuildFile; fileRef = 0091D8F80E81B9330029341E /* OpenGL.framework */; };
		00B784B30FF439BC000DE1D7 /* Accelerate.framework in Frameworks */ = {isa = PBXBuildFile; fileRef = 00B784AF0FF439BC000DE1D7 /* Accelerate.framework */; };
		00B784B40FF439BC000DE1D7 /* AudioToolbox.framework in Frameworks */ = {isa = PBXBuildFile; fileRef = 00B784B00FF439BC000DE1D7 /* AudioToolbox.framework */; };
		00B784B50FF439BC000DE1D7 /* AudioUnit.framework in Frameworks */ = {isa = PBXBuildFile; fileRef = 00B784B10FF439BC000DE1D7 /* AudioUnit.framework */; };
		00B784B60FF439BC000DE1D7 /* CoreAudio.framework in Frameworks */ = {isa = PBXBuildFile; fileRef = 00B784B20FF439BC000DE1D7 /* CoreAudio.framework */; };
		00B9955A1B128DF400A5C623 /* IOKit.framework in Frameworks */ = {isa = PBXBuildFile; fileRef = 00B995581B128DF400A5C623 /* IOKit.framework */; };
		00B9955B1B128DF400A5C623 /* IOSurface.framework in Frameworks */ = {isa = PBXBuildFile; fileRef = 00B995591B128DF400A5C623 /* IOSurface.framework */; };
		5323E6B20EAFCA74003A9687 /* CoreVideo.framework in Frameworks */ = {isa = PBXBuildFile; fileRef = 5323E6B10EAFCA74003A9687 /* CoreVideo.framework */; };
		5CF89FF1D11044F79529B5B4 /* HoaElement.cpp in Sources */ = {isa = PBXBuildFile; fileRef = 052E1359ED8B4E0B9925EFE4 /* HoaElement.cpp */; };
		5FA836EE298347A2A6B48639 /* CinderApp.icns in Resources */ = {isa = PBXBuildFile; fileRef = 6D36A93C5F6D4971A0A8A012 /* CinderApp.icns */; };
		8D11072F0486CEB800E47090 /* Cocoa.framework in Frameworks */ = {isa = PBXBuildFile; fileRef = 1058C7A1FEA54F0111CA2CBB /* Cocoa.framework */; };
		BE7BFA3A398049CC90DC6B68 /* exampleBinauralApp.cpp in Sources */ = {isa = PBXBuildFile; fileRef = FACB20445715434CAA8E0E2C /* exampleBinauralApp.cpp */; };
		D71758FAD3124BDC8A1B015F /* HoaNode.cpp in Sources */ = {isa = PBXBuildFile; fileRef = E0BF4841610545E2B6721B6C /* HoaNode.cpp */; };
/* End PBXBuildFile section */

/* Begin PBXFileReference section */
		006D720219952D00008149E2 /* AVFoundation.framework */ = {isa = PBXFileReference; lastKnownFileType = wrapper.framework; name = AVFoundation.framework; path = System/Library/Frameworks/AVFoundation.framework; sourceTree = SDKROOT; };
		006D720319952D00008149E2 /* CoreMedia.framework */ = {isa = PBXFileReference; lastKnownFileType = wrapper.framework; name = CoreMedia.framework; path = System/Library/Frameworks/CoreMedia.framework; sourceTree = SDKROOT; };
		0091D8F80E81B9330029341E /* OpenGL.framework */ = {isa = PBXFileReference; lastKnownFileType = wrapper.framework; name = OpenGL.framework; path = /System/Library/Frameworks/OpenGL.framework; sourceTree = "<absolute>"; };
		00B784AF0FF439BC000DE1D7 /* Accelerate.framework */ = {isa = PBXFileReference; lastKnownFileType = wrapper.framework; name = Accelerate.framework; path = System/Library/Frameworks/Accelerate.framework; sourceTree = SDKROOT; };
		00B784B00FF439BC000DE1D7 /* AudioToolbox.framework */ = {isa = PBXFileReference; lastKnownFileType = wrapper.framework; name = AudioToolbox.framework; path = System/Library/Frameworks/AudioToolbox.framework; sourceTree = SDKROOT; };
		00B784B10FF439BC000DE1D7 /* AudioUnit.framework */ = {isa = PBXFileReference; lastKnownFileType = wrapper.framework; name = AudioUnit.framework; path = System/Library/Frameworks/AudioUnit.framework; sourceTree = SDKROOT; };
		00B784B20FF439BC000DE1D7 /* CoreAudio.framework */ = {isa = PBXFileReference; lastKnownFileType = wrapper.framework; name = CoreAudio.framework; path = System/Library/Frameworks/CoreAudio.framework; sourceTree = SDKROOT; };
		00B995581B128DF400A5C623 /* IOKit.framework */ = {isa = PBXFileReference; lastKnownFileType = wrapper.framework; name = IOKit.framework; path = System/Library/Frameworks/IOKit.framework; sourceTree = SDKROOT; };
		00B995591B128DF400A5C623 /* IOSurface.framework */ = {isa = PBXFileReference; lastKnownFileType = wrapper.framework; name = IOSurface.framework; path = System/Library/Frameworks/IOSurface.framework; sourceTree = SDKROOT; };
		0480FEBBB20740B3916A60DE /* Info.plist */ = {isa = PBXFileReference; lastKnownFileType = text.plist.xml; path = Info.plist; sourceTree = "<group>"; };
		052E1359ED8B4E0B9925EFE4 /* HoaElement.cpp */ = {isa = PBXFileReference; lastKnownFileType = sourcecode.c.cpp; name = HoaElement.cpp; path = ../../../src/HoaElement.cpp; sourceTree = "<group>"; };
		0E5D218618154341943F195D /* Voronoi.hpp */ = {isa = PBXFileReference; lastKnownFileType = "\"\""; name = Voronoi.hpp; path = "../../../lib/HoaLibrary-Light/sources/Voronoi.hpp"; sourceTree = "<group>"; };
		1058C7A1FEA54F0111CA2CBB /* Cocoa.framework */ = {isa = PBXFileReference; lastKnownFileType = wrapper.framework; name = Cocoa.framework; path = /System/Library/Frameworks/Cocoa.framework; sourceTree = "<absolute>"; };
		1CDD79B95F5E46CFA038B54F /* Tools.hpp */ = {isa = PBXFileReference; lastKnownFileType = "\"\""; name = Tools.hpp; path = "../../../lib/HoaLibrary-Light/sources/Tools.hpp"; sourceTree = "<group>"; };
		22142124252A4180ABB570E1 /* Planewaves.hpp */ = {isa = PBXFileReference; lastKnownFileType = "\"\""; name = Planewaves.hpp; path = "../../../lib/HoaLibrary-Light/sources/Planewaves.hpp"; sourceTree = "<group>"; };
		29B97324FDCFA39411CA2CEA /* AppKit.framework */ = {isa = PBXFileReference; lastKnownFileType = wrapper.framework; name = AppKit.framework; path = /System/Library/Frameworks/AppKit.framework; sourceTree = "<absolute>"; };
		29B97325FDCFA39411CA2CEA /* Foundation.framework */ = {isa = PBXFileReference; lastKnownFileType = wrapper.framework; name = Foundation.framework; path = /System/Library/Frameworks/Foundation.framework; sourceTree = "<absolute>"; };
		39847F04D3CA4B18909DB46A /* Meter.hpp */ = {isa = PBXFileReference; lastKnownFileType = "\"\""; name = Meter.hpp; path = "../../../lib/HoaLibrary-Light/sources/Meter.hpp"; sourceTree = "<group>"; };
		407916853A924C53B48F87CF /* Encoder.hpp */ = {isa = PBXFileReference; lastKnownFileType = "\"\""; name = Encoder.hpp; path = "../../../lib/HoaLibrary-Light/sources/Encoder.hpp"; sourceTree = "<group>"; };
		47D28C7130CB4EFCBC2320BC /* Wider.hpp */ = {isa = PBXFileReference; lastKnownFileType = "\"\""; name = Wider.hpp; path = "../../../lib/HoaLibrary-Light/sources/Wider.hpp"; sourceTree = "<group>"; };
		487326918B494074B8B60E7C /* Source.hpp */ = {isa = PBXFileReference; lastKnownFileType = "\"\""; name = Source.hpp; path = "../../../lib/HoaLibrary-Light/sources/Source.hpp"; sourceTree = "<group>"; };
		4B2371B1A09B4E3AB79D014C /* Scope.hpp */ = {isa = PBXFileReference; lastKnownFileType = "\"\""; name = Scope.hpp; path = "../../../lib/HoaLibrary-Light/sources/Scope.hpp"; sourceTree = "<group>"; };
		4B8016C1AF0045C6B2471D21 /* Math.hpp */ = {isa = PBXFileReference; lastKnownFileType = "\"\""; name = Math.hpp; path = "../../../lib/HoaLibrary-Light/sources/Math.hpp"; sourceTree = "<group>"; };
		4C2C0A4B4EB5456F8E483182 /* Hoa.hpp */ = {isa = PBXFileReference; lastKnownFileType = "\"\""; name = Hoa.hpp; path = "../../../lib/HoaLibrary-Light/sources/Hoa.hpp"; sourceTree = "<group>"; };
		5323E6B10EAFCA74003A9687 /* CoreVideo.framework */ = {isa = PBXFileReference; lastKnownFileType = wrapper.framework; name = CoreVideo.framework; path = /System/Library/Frameworks/CoreVideo.framework; sourceTree = "<absolute>"; };
		5C70DD24107D4A4E9C71B6BE /* Optim.hpp */ = {isa = PBXFileReference; lastKnownFileType = "\"\""; name = Optim.hpp; path = "../../../lib/HoaLibrary-Light/sources/Optim.hpp"; sourceTree = "<group>"; };
		6CA939CA1BB94C5EB27DDA78 /* Hrir.hpp */ = {isa = PBXFileReference; lastKnownFileType = "\"\""; name = Hrir.hpp; path = "../../../lib/HoaLibrary-Light/sources/Hrir.hpp"; sourceTree = "<group>"; };
		6D36A93C5F6D4971A0A8A012 /* CinderApp.icns */ = {isa = PBXFileReference; lastKnownFileType = image.icns; name = CinderApp.icns; path = ../resources/CinderApp.icns; sourceTree = "<group>"; };
		7536C12B4A7A4A4C8C00C4C3 /* Harmonics.hpp */ = {isa = PBXFileReference; lastKnownFileType = "\"\""; name = Harmonics.hpp; path = "../../../lib/HoaLibrary-Light/sources/Harmonics.hpp"; sourceTree = "<group>"; };
		7A19657E8B4B401C95820289 /* Projector.hpp */ = {isa = PBXFileReference; lastKnownFileType = "\"\""; name = Projector.hpp; path = "../../../lib/HoaLibrary-Light/sources/Projector.hpp"; sourceTree = "<group>"; };
		7B0A35556260498FA39ACE77 /* Resources.h */ = {isa = PBXFileReference; lastKnownFileType = sourcecode.c.h; name = Resources.h; path = ../include/Resources.h; sourceTree = "<group>"; };
		7C706D59324E4CD4853021D7 /* HrirIrc1002C3D.hpp */ = {isa = PBXFileReference; lastKnownFileType = "\"\""; name = HrirIrc1002C3D.hpp; path = "../../../lib/HoaLibrary-Light/sources/HrirIrc1002C3D.hpp"; sourceTree = "<group>"; };
		8A4B28F84D8F497698F91E6C /* Rotate.hpp */ = {isa = PBXFileReference; lastKnownFileType = "\"\""; name = Rotate.hpp; path = "../../../lib/HoaLibrary-Light/sources/Rotate.hpp"; sourceTree = "<group>"; };
		8D1107320486CEB800E47090 /* exampleBinaural.app */ = {isa = PBXFileReference; explicitFileType = wrapper.application; includeInIndex = 0; path = exampleBinaural.app; sourceTree = BUILT_PRODUCTS_DIR; };
		942B2AD5649B4C378CD419DA /* Defs.hpp */ = {isa = PBXFileReference; lastKnownFileType = "\"\""; name = Defs.hpp; path = "../../../lib/HoaLibrary-Light/sources/Defs.hpp"; sourceTree = "<group>"; };
		943F8472A13E4C0A8F0D4A28 /* Exchanger.hpp */ = {isa = PBXFileReference; lastKnownFileType = "\"\""; name = Exchanger.hpp; path = "../../../lib/HoaLibrary-Light/sources/Exchanger.hpp"; sourceTree = "<group>"; };
		A509B253DDD14B008DF07EF8 /* Processor.hpp */ = {isa = PBXFileReference; lastKnownFileType = "\"\""; name = Processor.hpp; path = "../../../lib/HoaLibrary-Light/sources/Processor.hpp"; sourceTree = "<group>"; };
		B7119503480C4D3FA43D5729 /* Decoder.hpp */ = {isa = PBXFileReference; lastKnownFileType = "\"\""; name = Decoder.hpp; path = "../../../lib/HoaLibrary-Light/sources/Decoder.hpp"; sourceTree = "<group>"; };
		BFFC865EB0944F6EA3BF5EDE /* Vector.hpp */ = {isa = PBXFileReference; lastKnownFileType = "\"\""; name = Vector.hpp; path = "../../../lib/HoaLibrary-Light/sources/Vector.hpp"; sourceTree = "<group>"; };
		C2F7A8989C974FE3996151E4 /* exampleBinaural_Prefix.pch */ = {isa = PBXFileReference; lastKnownFileType = "\"\""; path = exampleBinaural_Prefix.pch; sourceTree = "<group>"; };
		E0BF4841610545E2B6721B6C /* HoaNode.cpp */ = {isa = PBXFileReference; lastKnownFileType = sourcecode.c.cpp; name = HoaNode.cpp; path = ../../../src/HoaNode.cpp; sourceTree = "<group>"; };
		E57178E94CF7450C9CE1D8E4 /* Recomposer.hpp */ = {isa = PBXFileReference; lastKnownFileType = "\"\""; name = Recomposer.hpp; path = "../../../lib/HoaLibrary-Light/sources/Recomposer.hpp"; sourceTree = "<group>"; };
		EE20784052AE4D31A50EDCAD /* HrirIrc1002C2D.hpp */ = {isa = PBXFileReference; lastKnownFileType = "\"\""; name = HrirIrc1002C2D.hpp; path = "../../../lib/HoaLibrary-Light/sources/HrirIrc1002C2D.hpp"; sourceTree = "<group>"; };
		FACB20445715434CAA8E0E2C /* exampleBinauralApp.cpp */ = {isa = PBXFileReference; lastKnownFileType = sourcecode.c.cpp; name = exampleBinauralApp.cpp; path = ../src/exampleBinauralApp.cpp; sourceTree = "<group>"; };
		FE0D49BD2F244FAEA9C4DAFB /* Signal.hpp */ = {isa = PBXFileReference; lastKnownFileType = "\"\""; name = Signal.hpp; path = "../../../lib/HoaLibrary-Light/sources/Signal.hpp"; sourceTree = "<group>"; };
		FF5737C21DDA39CC00457667 /* HoaElement.h */ = {isa = PBXFileReference; lastKnownFileType = sourcecode.c.h; name = HoaElement.h; path = ../../../src/HoaElement.h; sourceTree = "<group>"; };
		FF5737C31DDA39CC00457667 /* HoaNode.h */ = {isa = PBXFileReference; lastKnownFileType = sourcecode.c.h; name = HoaNode.h; path = ../../../src/HoaNode.h; sourceTree = "<group>"; };
/* End PBXFileReference section */

/* Begin PBXFrameworksBuildPhase section */
		8D11072E0486CEB800E47090 /* Frameworks */ = {
			isa = PBXFrameworksBuildPhase;
			buildActionMask = 2147483647;
			files = (
				006D720419952D00008149E2 /* AVFoundation.framework in Frameworks */,
				006D720519952D00008149E2 /* CoreMedia.framework in Frameworks */,
				8D11072F0486CEB800E47090 /* Cocoa.framework in Frameworks */,
				0091D8F90E81B9330029341E /* OpenGL.framework in Frameworks */,
				5323E6B20EAFCA74003A9687 /* CoreVideo.framework in Frameworks */,
				00B784B30FF439BC000DE1D7 /* Accelerate.framework in Frameworks */,
				00B784B40FF439BC000DE1D7 /* AudioToolbox.framework in Frameworks */,
				00B784B50FF439BC000DE1D7 /* AudioUnit.framework in Frameworks */,
				00B784B60FF439BC000DE1D7 /* CoreAudio.framework in Frameworks */,
				00B9955A1B128DF400A5C623 /* IOKit.framework in Frameworks */,
				00B9955B1B128DF400A5C623 /* IOSurface.framework in Frameworks */,
			);
			runOnlyForDeploymentPostprocessing = 0;
		};
/* End PBXFrameworksBuildPhase section */

/* Begin PBXGroup section */
		01B97315FEAEA392516A2CEA /* Blocks */ = {
			isa = PBXGroup;
			children = (
				BE3DD95B57DD4AAE83D1EC50 /* Cinder-HOA */,
			);
			name = Blocks;
			sourceTree = "<group>";
		};
		080E96DDFE201D6D7F000001 /* Source */ = {
			isa = PBXGroup;
			children = (
				FACB20445715434CAA8E0E2C /* exampleBinauralApp.cpp */,
			);
			name = Source;
			sourceTree = "<group>";
		};
		0DF6E97EBFE342A6BFFBECF4 /* HoaLibrary-Light */ = {
			isa = PBXGroup;
			children = (
				89577B355EFE41089079AA1E /* sources */,
			);
			name = "HoaLibrary-Light";
			sourceTree = "<group>";
		};
		1058C7A0FEA54F0111CA2CBB /* Linked Frameworks */ = {
			isa = PBXGroup;
			children = (
				006D720219952D00008149E2 /* AVFoundation.framework */,
				006D720319952D00008149E2 /* CoreMedia.framework */,
				00B784AF0FF439BC000DE1D7 /* Accelerate.framework */,
				00B784B00FF439BC000DE1D7 /* AudioToolbox.framework */,
				00B784B10FF439BC000DE1D7 /* AudioUnit.framework */,
				00B784B20FF439BC000DE1D7 /* CoreAudio.framework */,
				5323E6B10EAFCA74003A9687 /* CoreVideo.framework */,
				0091D8F80E81B9330029341E /* OpenGL.framework */,
				1058C7A1FEA54F0111CA2CBB /* Cocoa.framework */,
				00B995581B128DF400A5C623 /* IOKit.framework */,
				00B995591B128DF400A5C623 /* IOSurface.framework */,
			);
			name = "Linked Frameworks";
			sourceTree = "<group>";
		};
		1058C7A2FEA54F0111CA2CBB /* Other Frameworks */ = {
			isa = PBXGroup;
			children = (
				29B97324FDCFA39411CA2CEA /* AppKit.framework */,
				29B97325FDCFA39411CA2CEA /* Foundation.framework */,
			);
			name = "Other Frameworks";
			sourceTree = "<group>";
		};
		19C28FACFE9D520D11CA2CBB /* Products */ = {
			isa = PBXGroup;
			children = (
				8D1107320486CEB800E47090 /* exampleBinaural.app */,
			);
			name = Products;
			sourceTree = "<group>";
		};
		29B97314FDCFA39411CA2CEA /* exampleBinaural */ = {
			isa = PBXGroup;
			children = (
				01B97315FEAEA392516A2CEA /* Blocks */,
				29B97315FDCFA39411CA2CEA /* Headers */,
				080E96DDFE201D6D7F000001 /* Source */,
				29B97317FDCFA39411CA2CEA /* Resources */,
				29B97323FDCFA39411CA2CEA /* Frameworks */,
				19C28FACFE9D520D11CA2CBB /* Products */,
			);
			name = exampleBinaural;
			sourceTree = "<group>";
		};
		29B97315FDCFA39411CA2CEA /* Headers */ = {
			isa = PBXGroup;
			children = (
				7B0A35556260498FA39ACE77 /* Resources.h */,
				C2F7A8989C974FE3996151E4 /* exampleBinaural_Prefix.pch */,
			);
			name = Headers;
			sourceTree = "<group>";
		};
		29B97317FDCFA39411CA2CEA /* Resources */ = {
			isa = PBXGroup;
			children = (
				6D36A93C5F6D4971A0A8A012 /* CinderApp.icns */,
				0480FEBBB20740B3916A60DE /* Info.plist */,
			);
			name = Resources;
			sourceTree = "<group>";
		};
		29B97323FDCFA39411CA2CEA /* Frameworks */ = {
			isa = PBXGroup;
			children = (
				1058C7A0FEA54F0111CA2CBB /* Linked Frameworks */,
				1058C7A2FEA54F0111CA2CBB /* Other Frameworks */,
			);
			name = Frameworks;
			sourceTree = "<group>";
		};
		6505F4F48F514C3EADF9A51F /* src */ = {
			isa = PBXGroup;
			children = (
				E0BF4841610545E2B6721B6C /* HoaNode.cpp */,
				052E1359ED8B4E0B9925EFE4 /* HoaElement.cpp */,
			);
			name = src;
			sourceTree = "<group>";
		};
		89577B355EFE41089079AA1E /* sources */ = {
			isa = PBXGroup;
			children = (
				B7119503480C4D3FA43D5729 /* Decoder.hpp */,
				942B2AD5649B4C378CD419DA /* Defs.hpp */,
				407916853A924C53B48F87CF /* Encoder.hpp */,
				943F8472A13E4C0A8F0D4A28 /* Exchanger.hpp */,
				7536C12B4A7A4A4C8C00C4C3 /* Harmonics.hpp */,
				4C2C0A4B4EB5456F8E483182 /* Hoa.hpp */,
				6CA939CA1BB94C5EB27DDA78 /* Hrir.hpp */,
				EE20784052AE4D31A50EDCAD /* HrirIrc1002C2D.hpp */,
				7C706D59324E4CD4853021D7 /* HrirIrc1002C3D.hpp */,
				4B8016C1AF0045C6B2471D21 /* Math.hpp */,
				39847F04D3CA4B18909DB46A /* Meter.hpp */,
				5C70DD24107D4A4E9C71B6BE /* Optim.hpp */,
				22142124252A4180ABB570E1 /* Planewaves.hpp */,
				A509B253DDD14B008DF07EF8 /* Processor.hpp */,
				7A19657E8B4B401C95820289 /* Projector.hpp */,
				E57178E94CF7450C9CE1D8E4 /* Recomposer.hpp */,
				8A4B28F84D8F497698F91E6C /* Rotate.hpp */,
				4B2371B1A09B4E3AB79D014C /* Scope.hpp */,
				FE0D49BD2F244FAEA9C4DAFB /* Signal.hpp */,
				487326918B494074B8B60E7C /* Source.hpp */,
				1CDD79B95F5E46CFA038B54F /* Tools.hpp */,
				BFFC865EB0944F6EA3BF5EDE /* Vector.hpp */,
				0E5D218618154341943F195D /* Voronoi.hpp */,
				47D28C7130CB4EFCBC2320BC /* Wider.hpp */,
			);
			name = sources;
			sourceTree = "<group>";
		};
		BE3DD95B57DD4AAE83D1EC50 /* Cinder-HOA */ = {
			isa = PBXGroup;
			children = (
				CBB643AEA0B54EF8BBF20E48 /* lib */,
				D12EFFAB8D654739B7B4AEA5 /* include */,
				6505F4F48F514C3EADF9A51F /* src */,
			);
			name = "Cinder-HOA";
			sourceTree = "<group>";
		};
		CBB643AEA0B54EF8BBF20E48 /* lib */ = {
			isa = PBXGroup;
			children = (
				0DF6E97EBFE342A6BFFBECF4 /* HoaLibrary-Light */,
			);
			name = lib;
			sourceTree = "<group>";
		};
		D12EFFAB8D654739B7B4AEA5 /* include */ = {
			isa = PBXGroup;
			children = (
				FF5737C21DDA39CC00457667 /* HoaElement.h */,
				FF5737C31DDA39CC00457667 /* HoaNode.h */,
			);
			name = include;
			sourceTree = "<group>";
		};
/* End PBXGroup section */

/* Begin PBXNativeTarget section */
		8D1107260486CEB800E47090 /* exampleBinaural */ = {
			isa = PBXNativeTarget;
			buildConfigurationList = C01FCF4A08A954540054247B /* Build configuration list for PBXNativeTarget "exampleBinaural" */;
			buildPhases = (
				8D1107290486CEB800E47090 /* Resources */,
				8D11072C0486CEB800E47090 /* Sources */,
				8D11072E0486CEB800E47090 /* Frameworks */,
			);
			buildRules = (
			);
			dependencies = (
			);
			name = exampleBinaural;
			productInstallPath = "$(HOME)/Applications";
			productName = exampleBinaural;
			productReference = 8D1107320486CEB800E47090 /* exampleBinaural.app */;
			productType = "com.apple.product-type.application";
		};
/* End PBXNativeTarget section */

/* Begin PBXProject section */
		29B97313FDCFA39411CA2CEA /* Project object */ = {
			isa = PBXProject;
			attributes = {
			};
			buildConfigurationList = C01FCF4E08A954540054247B /* Build configuration list for PBXProject "exampleBinaural" */;
			compatibilityVersion = "Xcode 3.2";
			developmentRegion = English;
			hasScannedForEncodings = 1;
			knownRegions = (
				English,
				Japanese,
				French,
				German,
			);
			mainGroup = 29B97314FDCFA39411CA2CEA /* exampleBinaural */;
			projectDirPath = "";
			projectRoot = "";
			targets = (
				8D1107260486CEB800E47090 /* exampleBinaural */,
			);
		};
/* End PBXProject section */

/* Begin PBXResourcesBuildPhase section */
		8D1107290486CEB800E47090 /* Resources */ = {
			isa = PBXResourcesBuildPhase;
			buildActionMask = 2147483647;
			files = (
				5FA836EE298347A2A6B48639 /* CinderApp.icns in Resources */,
			);
			runOnlyForDeploymentPostprocessing = 0;
		};
/* End PBXResourcesBuildPhase section */

/* Begin PBXSourcesBuildPhase section */
		8D11072C0486CEB800E47090 /* Sources */ = {
			isa = PBXSourcesBuildPhase;
			buildActionMask = 2147483647;
			files = (
				BE7BFA3A398049CC90DC6B68 /* exampleBinauralApp.cpp in Sources */,
				D71758FAD3124BDC8A1B015F /* HoaNode.cpp in Sources */,
				5CF89FF1D11044F79529B5B4 /* HoaElement.cpp in Sources */,
			);
			runOnlyForDeploymentPostprocessing = 0;
		};
/* End PBXSourcesBuildPhase section */

/* Begin XCBuildConfiguration section */
		C01FCF4B08A954540054247B /* Debug */ = {
			isa = XCBuildConfiguration;
			buildSettings = {
				COMBINE_HIDPI_IMAGES = YES;
				COPY_PHASE_STRIP = NO;
				DEAD_CODE_STRIPPING = YES;
				GCC_DYNAMIC_NO_PIC = NO;
				GCC_INLINES_ARE_PRIVATE_EXTERN = YES;
				GCC_OPTIMIZATION_LEVEL = 0;
				GCC_PRECOMPILE_PREFIX_HEADER = YES;
				GCC_PREFIX_HEADER = exampleBinaural_Prefix.pch;
				GCC_PREPROCESSOR_DEFINITIONS = (
					"DEBUG=1",
					"$(inherited)",
				);
				GCC_SYMBOLS_PRIVATE_EXTERN = NO;
				INFOPLIST_FILE = Info.plist;
				INSTALL_PATH = "$(HOME)/Applications";
				OTHER_LDFLAGS = "\"$(CINDER_PATH)/lib/libcinder_d.a\"";
				PRODUCT_BUNDLE_IDENTIFIER = "org.libcinder.${PRODUCT_NAME:rfc1034identifier}";
				PRODUCT_NAME = exampleBinaural;
				SYMROOT = ./build;
				WRAPPER_EXTENSION = app;
			};
			name = Debug;
		};
		C01FCF4C08A954540054247B /* Release */ = {
			isa = XCBuildConfiguration;
			buildSettings = {
				COMBINE_HIDPI_IMAGES = YES;
				DEAD_CODE_STRIPPING = YES;
				DEBUG_INFORMATION_FORMAT = "dwarf-with-dsym";
				GCC_FAST_MATH = YES;
				GCC_GENERATE_DEBUGGING_SYMBOLS = NO;
				GCC_INLINES_ARE_PRIVATE_EXTERN = YES;
				GCC_OPTIMIZATION_LEVEL = 3;
				GCC_PRECOMPILE_PREFIX_HEADER = YES;
				GCC_PREFIX_HEADER = exampleBinaural_Prefix.pch;
				GCC_PREPROCESSOR_DEFINITIONS = (
					"NDEBUG=1",
					"$(inherited)",
				);
				GCC_SYMBOLS_PRIVATE_EXTERN = NO;
				INFOPLIST_FILE = Info.plist;
				INSTALL_PATH = "$(HOME)/Applications";
				OTHER_LDFLAGS = "\"$(CINDER_PATH)/lib/libcinder.a\"";
				PRODUCT_BUNDLE_IDENTIFIER = "org.libcinder.${PRODUCT_NAME:rfc1034identifier}";
				PRODUCT_NAME = exampleBinaural;
				STRIP_INSTALLED_PRODUCT = YES;
				SYMROOT = ./build;
				WRAPPER_EXTENSION = app;
			};
			name = Release;
		};
		C01FCF4F08A954540054247B /* Debug */ = {
			isa = XCBuildConfiguration;
			buildSettings = {
				ALWAYS_SEARCH_USER_PATHS = NO;
				CINDER_PATH = ../../../../..;
				CLANG_CXX_LANGUAGE_STANDARD = "c++11";
				CLANG_CXX_LIBRARY = "libc++";
				ENABLE_TESTABILITY = YES;
				GCC_WARN_ABOUT_RETURN_TYPE = YES;
				GCC_WARN_UNUSED_VARIABLE = YES;
				HEADER_SEARCH_PATHS = "\"$(CINDER_PATH)/include\"";
				MACOSX_DEPLOYMENT_TARGET = 10.8;
				ONLY_ACTIVE_ARCH = YES;
				SDKROOT = macosx;
				USER_HEADER_SEARCH_PATHS = "\"$(CINDER_PATH)/include\" ../include";
			};
			name = Debug;
		};
		C01FCF5008A954540054247B /* Release */ = {
			isa = XCBuildConfiguration;
			buildSettings = {
				ALWAYS_SEARCH_USER_PATHS = NO;
				CINDER_PATH = ../../../../..;
				CLANG_CXX_LANGUAGE_STANDARD = "c++11";
				CLANG_CXX_LIBRARY = "libc++";
				GCC_WARN_ABOUT_RETURN_TYPE = YES;
				GCC_WARN_UNUSED_VARIABLE = YES;
				HEADER_SEARCH_PATHS = "\"$(CINDER_PATH)/include\"";
				MACOSX_DEPLOYMENT_TARGET = 10.8;
				SDKROOT = macosx;
				USER_HEADER_SEARCH_PATHS = "\"$(CINDER_PATH)/include\" ../include";
			};
			name = Release;
		};
/* End XCBuildConfiguration section */

/* Begin XCConfigurationList section */
		C01FCF4A08A954540054247B /* Build configuration list for PBXNativeTarget "exampleBinaural" */ = {
			isa = XCConfigurationList;
			buildConfigurations = (
				C01FCF4B08A954540054247B /* Debug */,
				C01FCF4C08A954540054247B /* Release */,
			);
			defaultConfigurationIsVisible = 0;
			defaultConfigurationName = Release;
		};
		C01FCF4E08A954540054247B /* Build configuration list for PBXProject "exampleBinaural" */ = {
			isa = XCConfigurationList;
			buildConfigurations = (
				C01FCF4F08A954540054247B /* Debug */,
				C01FCF5008A954540054247B /* Release */,
			);
			defaultConfigurationIsVisible = 0;
			defaultConfigurationName = Release;
		};
/* End XCConfigurationList section */
	};
	rootObject = 29B97313FDCFA39411CA2CEA /* Project object */;
}
